
Microsoft Visual Studio Solution File, Format Version 12.00
# Visual Studio Version 16
VisualStudioVersion = 16.0.31402.337
MinimumVisualStudioVersion = 10.0.40219.1
Project("{FAE04EC0-301F-11D3-BF4B-00C04F79EFBC}") = "WebApplication3", "WebApplication3.csproj", "{3317C165-F90B-4847-AD6C-694CA94CCAEE}"
EndProject
Global
	GlobalSection(SolutionConfigurationPlatforms) = preSolution
		Debug|Any CPU = Debug|Any CPU
		Release|Any CPU = Release|Any CPU
	EndGlobalSection
	GlobalSection(ProjectConfigurationPlatforms) = postSolution
		{3317C165-F90B-4847-AD6C-694CA94CCAEE}.Debug|Any CPU.ActiveCfg = Debug|Any CPU
		{3317C165-F90B-4847-AD6C-694CA94CCAEE}.Debug|Any CPU.Build.0 = Debug|Any CPU
		{3317C165-F90B-4847-AD6C-694CA94CCAEE}.Release|Any CPU.ActiveCfg = Release|Any CPU
		{3317C165-F90B-4847-AD6C-694CA94CCAEE}.Release|Any CPU.Build.0 = Release|Any CPU
	EndGlobalSection
	GlobalSection(SolutionProperties) = preSolution
		HideSolutionNode = FALSE
	EndGlobalSection
	GlobalSection(ExtensibilityGlobals) = postSolution
		SolutionGuid = {27E7D93C-D73C-4CF8-BEBA-70DFA7F94EFE}
	EndGlobalSection
EndGlobal
